github.com/fredyw/goini v0.0.0-20160514023228-bc4c23804e08 h1:3d27+gJaWA6fQcmrR5TPDGK+/dAnwikhHthiyKFDtfI=
github.com/fredyw/goini v0.0.0-20160514023228-bc4c23804e08/go.mod h1:IOXKG8UV5/XvSJiWL948i+gyg2nCCsbmwsf0MA87ZKc=
github.com/gorilla/websocket v1.4.2 h1:+/TMaTYc4QFitKJxsQ7Yye35DkWvkdLcvGKqM+x0Ufc=
github.com/gorilla/websocket v1.4.2/go.mod h1:YR8l580nyteQvAITg2hZ9XVh4b55+EU/adAjf1fMHhE=
github.com/markcheno/go-quote v0.0.0-20210707224903-b387210fe903 h1:wwdX3RBMfV5xIw1+2iDIU7+w1xYAadq36Ctjq8x2mxo=
github.com/markcheno/go-quote v0.0.0-20210707224903-b387210fe903/go.mod h1:cDo3FVvBpEI83B1KazdWnVAh4K2F0ing4aCEEanmh9o=
github.com/markcheno/go-talib v0.0.0-20190307022042-cd53a9264d70 h1:+iG37/Aw61Oc+ZJ4DSxQF2+K0e4ZiMidI7ytWuW4/cI=
github.com/markcheno/go-talib v0.0.0-20190307022042-cd53a9264d70/go.mod h1:xsYvOKWtDWoDV0kdN3U8tYZ4lVrhjqf64cJRzR4ScTI=
golang.org/x/sync v0.0.0-20210220032951-036812b2e83c h1:5KslGYwFpkhGh+Q16bwMP3cOontH8FOep7tGV86Y7SQ=
golang.org/x/sync v0.0.0-20210220032951-036812b2e83c/go.mod h1:RxMgew5VJxzue5/jJTE5uejpjVlOe/izrB70Jof72aM=
gopkg.in/ini.v1 v1.62.0 h1:duBzk771uxoUuOlyRLkHsygud9+5lrlGjdFBb4mSKDU=
gopkg.in/ini.v1 v1.62.0/go.mod h1:pNLf8WUiyNEtQjuu5G5vTm06TEv9tsIgeAvK8hOrP4k=
